// !$*UTF8*$!
{
	archiveVersion = 1;
	classes = {
	};
	objectVersion = 77;
	objects = {

/* Begin PBXBuildFile section */
		A1B2C3012F60000100AA0001 /* CalendarDomain.framework in Frameworks */ = {isa = PBXBuildFile; fileRef = A1B2C3052F60000100AA0001 /* CalendarDomain.framework */; };
		A1B2C3022F60000100AA0001 /* CalendarDomain.framework in Frameworks */ = {isa = PBXBuildFile; fileRef = A1B2C3052F60000100AA0001 /* CalendarDomain.framework */; };
		7B0E0AFB2F514AD7008707E9 /* BaseFeature.framework in Frameworks */ = {isa = PBXBuildFile; fileRef = 7B0E0AF22F514AD7008707E9 /* BaseFeature.framework */; };
		7B0E0B152F514AE8008707E9 /* CalendarFeature.framework in Frameworks */ = {isa = PBXBuildFile; fileRef = 7B0E0B0C2F514AE8008707E9 /* CalendarFeature.framework */; };
		7B0E0D412F5150F0008707E9 /* Core.framework in Frameworks */ = {isa = PBXBuildFile; fileRef = 7B0E0D402F5150F0008707E9 /* Core.framework */; };
		7B0E0D452F5150F6008707E9 /* Core.framework in Frameworks */ = {isa = PBXBuildFile; fileRef = 7B0E0D442F5150F6008707E9 /* Core.framework */; };
		7B0E0D492F5150FB008707E9 /* Navigation.framework in Frameworks */ = {isa = PBXBuildFile; fileRef = 7B0E0D482F5150FB008707E9 /* Navigation.framework */; };
		7B0E0D4D2F515100008707E9 /* Navigation.framework in Frameworks */ = {isa = PBXBuildFile; fileRef = 7B0E0D4C2F515100008707E9 /* Navigation.framework */; };
		7BF3D2952F51586600B93884 /* DesignSystem.framework in Frameworks */ = {isa = PBXBuildFile; fileRef = 7BF3D2942F51586600B93884 /* DesignSystem.framework */; };
		7BF3D2992F51586E00B93884 /* DesignSystem.framework in Frameworks */ = {isa = PBXBuildFile; fileRef = 7BF3D2982F51586E00B93884 /* DesignSystem.framework */; };
/* End PBXBuildFile section */

/* Begin PBXContainerItemProxy section */
		7B0E0AFC2F514AD7008707E9 /* PBXContainerItemProxy */ = {
			isa = PBXContainerItemProxy;
			containerPortal = 7B0E0A5F2F5149B1008707E9 /* Project object */;
			proxyType = 1;
			remoteGlobalIDString = 7B0E0AF12F514AD7008707E9;
			remoteInfo = BaseFeature;
		};
		7B0E0B162F514AE8008707E9 /* PBXContainerItemProxy */ = {
			isa = PBXContainerItemProxy;
			containerPortal = 7B0E0A5F2F5149B1008707E9 /* Project object */;
			proxyType = 1;
			remoteGlobalIDString = 7B0E0B0B2F514AE8008707E9;
			remoteInfo = CalendarFeature;
		};
/* End PBXContainerItemProxy section */

/* Begin PBXFileReference section */
		A1B2C3052F60000100AA0001 /* CalendarDomain.framework */ = {isa = PBXFileReference; explicitFileType = wrapper.framework; path = CalendarDomain.framework; sourceTree = BUILT_PRODUCTS_DIR; };
		7B0E0AF22F514AD7008707E9 /* BaseFeature.framework */ = {isa = PBXFileReference; explicitFileType = wrapper.framework; includeInIndex = 0; path = BaseFeature.framework; sourceTree = BUILT_PRODUCTS_DIR; };
		7B0E0AFA2F514AD7008707E9 /* BaseFeatureTests.xctest */ = {isa = PBXFileReference; explicitFileType = wrapper.cfbundle; includeInIndex = 0; path = BaseFeatureTests.xctest; sourceTree = BUILT_PRODUCTS_DIR; };
		7B0E0B0C2F514AE8008707E9 /* CalendarFeature.framework */ = {isa = PBXFileReference; explicitFileType = wrapper.framework; includeInIndex = 0; path = CalendarFeature.framework; sourceTree = BUILT_PRODUCTS_DIR; };
		7B0E0B142F514AE8008707E9 /* CalendarFeatureTests.xctest */ = {isa = PBXFileReference; explicitFileType = wrapper.cfbundle; includeInIndex = 0; path = CalendarFeatureTests.xctest; sourceTree = BUILT_PRODUCTS_DIR; };
		7B0E0D402F5150F0008707E9 /* Core.framework */ = {isa = PBXFileReference; explicitFileType = wrapper.framework; path = Core.framework; sourceTree = BUILT_PRODUCTS_DIR; };
		7B0E0D442F5150F6008707E9 /* Core.framework */ = {isa = PBXFileReference; explicitFileType = wrapper.framework; path = Core.framework; sourceTree = BUILT_PRODUCTS_DIR; };
		7B0E0D482F5150FB008707E9 /* Navigation.framework */ = {isa = PBXFileReference; explicitFileType = wrapper.framework; path = Navigation.framework; sourceTree = BUILT_PRODUCTS_DIR; };
		7B0E0D4C2F515100008707E9 /* Navigation.framework */ = {isa = PBXFileReference; explicitFileType = wrapper.framework; path = Navigation.framework; sourceTree = BUILT_PRODUCTS_DIR; };
		7BF3D2942F51586600B93884 /* DesignSystem.framework */ = {isa = PBXFileReference; explicitFileType = wrapper.framework; path = DesignSystem.framework; sourceTree = BUILT_PRODUCTS_DIR; };
		7BF3D2982F51586E00B93884 /* DesignSystem.framework */ = {isa = PBXFileReference; explicitFileType = wrapper.framework; path = DesignSystem.framework; sourceTree = BUILT_PRODUCTS_DIR; };
/* End PBXFileReference section */

/* Begin PBXFileSystemSynchronizedRootGroup section */
		7B0E0AF32F514AD7008707E9 /* BaseFeature */ = {
			isa = PBXFileSystemSynchronizedRootGroup;
			path = BaseFeature;
			sourceTree = "<group>";
		};
		7B0E0AFE2F514AD7008707E9 /* BaseFeatureTests */ = {
			isa = PBXFileSystemSynchronizedRootGroup;
			path = BaseFeatureTests;
			sourceTree = "<group>";
		};
		7B0E0B0D2F514AE8008707E9 /* CalendarFeature */ = {
			isa = PBXFileSystemSynchronizedRootGroup;
			path = CalendarFeature;
			sourceTree = "<group>";
		};
		7B0E0B182F514AE8008707E9 /* CalendarFeatureTests */ = {
			isa = PBXFileSystemSynchronizedRootGroup;
			path = CalendarFeatureTests;
			sourceTree = "<group>";
		};
/* End PBXFileSystemSynchronizedRootGroup section */

/* Begin PBXFrameworksBuildPhase section */
		7B0E0AEF2F514AD7008707E9 /* Frameworks */ = {
			isa = PBXFrameworksBuildPhase;
			buildActionMask = 2147483647;
			files = (
				7BF3D2952F51586600B93884 /* DesignSystem.framework in Frameworks */,
				7B0E0D4D2F515100008707E9 /* Navigation.framework in Frameworks */,
				7B0E0D412F5150F0008707E9 /* Core.framework in Frameworks */,
			);
			runOnlyForDeploymentPostprocessing = 0;
		};
		7B0E0AF72F514AD7008707E9 /* Frameworks */ = {
			isa = PBXFrameworksBuildPhase;
			buildActionMask = 2147483647;
			files = (
				7B0E0AFB2F514AD7008707E9 /* BaseFeature.framework in Frameworks */,
			);
			runOnlyForDeploymentPostprocessing = 0;
		};
		7B0E0B092F514AE8008707E9 /* Frameworks */ = {
			isa = PBXFrameworksBuildPhase;
			buildActionMask = 2147483647;
			files = (
				A1B2C3012F60000100AA0001 /* CalendarDomain.framework in Frameworks */,
				7BF3D2992F51586E00B93884 /* DesignSystem.framework in Frameworks */,
				7B0E0D492F5150FB008707E9 /* Navigation.framework in Frameworks */,
				7B0E0D452F5150F6008707E9 /* Core.framework in Frameworks */,
			);
			runOnlyForDeploymentPostprocessing = 0;
		};
		7B0E0B112F514AE8008707E9 /* Frameworks */ = {
			isa = PBXFrameworksBuildPhase;
			buildActionMask = 2147483647;
			files = (
				A1B2C3022F60000100AA0001 /* CalendarDomain.framework in Frameworks */,
				7B0E0B152F514AE8008707E9 /* CalendarFeature.framework in Frameworks */,
			);
			runOnlyForDeploymentPostprocessing = 0;
		};
/* End PBXFrameworksBuildPhase section */

/* Begin PBXGroup section */
		7B0E0A5E2F5149B1008707E9 = {
			isa = PBXGroup;
			children = (
				7B0E0AF32F514AD7008707E9 /* BaseFeature */,
				7B0E0AFE2F514AD7008707E9 /* BaseFeatureTests */,
				7B0E0B0D2F514AE8008707E9 /* CalendarFeature */,
				7B0E0B182F514AE8008707E9 /* CalendarFeatureTests */,
				7B0E0D3F2F5150F0008707E9 /* Frameworks */,
				7B0E0A692F5149B1008707E9 /* Products */,
			);
			sourceTree = "<group>";
		};
		7B0E0A692F5149B1008707E9 /* Products */ = {
			isa = PBXGroup;
			children = (
				7B0E0AF22F514AD7008707E9 /* BaseFeature.framework */,
				7B0E0AFA2F514AD7008707E9 /* BaseFeatureTests.xctest */,
				7B0E0B0C2F514AE8008707E9 /* CalendarFeature.framework */,
				7B0E0B142F514AE8008707E9 /* CalendarFeatureTests.xctest */,
			);
			name = Products;
			sourceTree = "<group>";
		};
		7B0E0D3F2F5150F0008707E9 /* Frameworks */ = {
			isa = PBXGroup;
			children = (
				A1B2C3052F60000100AA0001 /* CalendarDomain.framework */,
				7BF3D2982F51586E00B93884 /* DesignSystem.framework */,
				7BF3D2942F51586600B93884 /* DesignSystem.framework */,
				7B0E0D4C2F515100008707E9 /* Navigation.framework */,
				7B0E0D482F5150FB008707E9 /* Navigation.framework */,
				7B0E0D442F5150F6008707E9 /* Core.framework */,
				7B0E0D402F5150F0008707E9 /* Core.framework */,
			);
			name = Frameworks;
			sourceTree = "<group>";
		};
/* End PBXGroup section */

/* Begin PBXHeadersBuildPhase section */
		7B0E0AED2F514AD7008707E9 /* Headers */ = {
			isa = PBXHeadersBuildPhase;
			buildActionMask = 2147483647;
			files = (
			);
			runOnlyForDeploymentPostprocessing = 0;
		};
		7B0E0B072F514AE8008707E9 /* Headers */ = {
			isa = PBXHeadersBuildPhase;
			buildActionMask = 2147483647;
			files = (
			);
			runOnlyForDeploymentPostprocessing = 0;
		};
/* End PBXHeadersBuildPhase section */

/* Begin PBXNativeTarget section */
		7B0E0AF12F514AD7008707E9 /* BaseFeature */ = {
			isa = PBXNativeTarget;
			buildConfigurationList = 7B0E0B012F514AD7008707E9 /* Build configuration list for PBXNativeTarget "BaseFeature" */;
			buildPhases = (
				7B0E0AED2F514AD7008707E9 /* Headers */,
				7B0E0AEE2F514AD7008707E9 /* Sources */,
				7B0E0AEF2F514AD7008707E9 /* Frameworks */,
				7B0E0AF02F514AD7008707E9 /* Resources */,
			);
			buildRules = (
			);
			dependencies = (
			);
			fileSystemSynchronizedGroups = (
				7B0E0AF32F514AD7008707E9 /* BaseFeature */,
			);
			name = BaseFeature;
			packageProductDependencies = (
			);
			productName = BaseFeature;
			productReference = 7B0E0AF22F514AD7008707E9 /* BaseFeature.framework */;
			productType = "com.apple.product-type.framework";
		};
		7B0E0AF92F514AD7008707E9 /* BaseFeatureTests */ = {
			isa = PBXNativeTarget;
			buildConfigurationList = 7B0E0B042F514AD7008707E9 /* Build configuration list for PBXNativeTarget "BaseFeatureTests" */;
			buildPhases = (
				7B0E0AF62F514AD7008707E9 /* Sources */,
				7B0E0AF72F514AD7008707E9 /* Frameworks */,
				7B0E0AF82F514AD7008707E9 /* Resources */,
			);
			buildRules = (
			);
			dependencies = (
				7B0E0AFD2F514AD7008707E9 /* PBXTargetDependency */,
			);
			fileSystemSynchronizedGroups = (
				7B0E0AFE2F514AD7008707E9 /* BaseFeatureTests */,
			);
			name = BaseFeatureTests;
			packageProductDependencies = (
			);
			productName = BaseFeatureTests;
			productReference = 7B0E0AFA2F514AD7008707E9 /* BaseFeatureTests.xctest */;
			productType = "com.apple.product-type.bundle.unit-test";
		};
		7B0E0B0B2F514AE8008707E9 /* CalendarFeature */ = {
			isa = PBXNativeTarget;
			buildConfigurationList = 7B0E0B1B2F514AE8008707E9 /* Build configuration list for PBXNativeTarget "CalendarFeature" */;
			buildPhases = (
				7B0E0B072F514AE8008707E9 /* Headers */,
				7B0E0B082F514AE8008707E9 /* Sources */,
				7B0E0B092F514AE8008707E9 /* Frameworks */,
				7B0E0B0A2F514AE8008707E9 /* Resources */,
			);
			buildRules = (
			);
			dependencies = (
			);
			fileSystemSynchronizedGroups = (
				7B0E0B0D2F514AE8008707E9 /* CalendarFeature */,
			);
			name = CalendarFeature;
			packageProductDependencies = (
			);
			productName = CalendarFeature;
			productReference = 7B0E0B0C2F514AE8008707E9 /* CalendarFeature.framework */;
			productType = "com.apple.product-type.framework";
		};
		7B0E0B132F514AE8008707E9 /* CalendarFeatureTests */ = {
			isa = PBXNativeTarget;
			buildConfigurationList = 7B0E0B1E2F514AE8008707E9 /* Build configuration list for PBXNativeTarget "CalendarFeatureTests" */;
			buildPhases = (
				7B0E0B102F514AE8008707E9 /* Sources */,
				7B0E0B112F514AE8008707E9 /* Frameworks */,
				7B0E0B122F514AE8008707E9 /* Resources */,
			);
			buildRules = (
			);
			dependencies = (
				7B0E0B172F514AE8008707E9 /* PBXTargetDependency */,
			);
			fileSystemSynchronizedGroups = (
				7B0E0B182F514AE8008707E9 /* CalendarFeatureTests */,
			);
			name = CalendarFeatureTests;
			packageProductDependencies = (
			);
			productName = CalendarFeatureTests;
			productReference = 7B0E0B142F514AE8008707E9 /* CalendarFeatureTests.xctest */;
			productType = "com.apple.product-type.bundle.unit-test";
		};
/* End PBXNativeTarget section */

/* Begin PBXProject section */
		7B0E0A5F2F5149B1008707E9 /* Project object */ = {
			isa = PBXProject;
			attributes = {
				BuildIndependentTargetsInParallel = 1;
				LastSwiftUpdateCheck = 2620;
				LastUpgradeCheck = 2620;
				TargetAttributes = {
					7B0E0AF12F514AD7008707E9 = {
						CreatedOnToolsVersion = 26.2;
					};
					7B0E0AF92F514AD7008707E9 = {
						CreatedOnToolsVersion = 26.2;
					};
					7B0E0B0B2F514AE8008707E9 = {
						CreatedOnToolsVersion = 26.2;
					};
					7B0E0B132F514AE8008707E9 = {
						CreatedOnToolsVersion = 26.2;
					};
				};
			};
			buildConfigurationList = 7B0E0A622F5149B1008707E9 /* Build configuration list for PBXProject "Feature" */;
			developmentRegion = en;
			hasScannedForEncodings = 0;
			knownRegions = (
				en,
				Base,
			);
			mainGroup = 7B0E0A5E2F5149B1008707E9;
			minimizedProjectReferenceProxies = 1;
			preferredProjectObjectVersion = 77;
			productRefGroup = 7B0E0A692F5149B1008707E9 /* Products */;
			projectDirPath = "";
			projectRoot = "";
			targets = (
				7B0E0AF12F514AD7008707E9 /* BaseFeature */,
				7B0E0AF92F514AD7008707E9 /* BaseFeatureTests */,
				7B0E0B0B2F514AE8008707E9 /* CalendarFeature */,
				7B0E0B132F514AE8008707E9 /* CalendarFeatureTests */,
			);
		};
/* End PBXProject section */

/* Begin PBXResourcesBuildPhase section */
		7B0E0AF02F514AD7008707E9 /* Resources */ = {
			isa = PBXResourcesBuildPhase;
			buildActionMask = 2147483647;
			files = (
			);
			runOnlyForDeploymentPostprocessing = 0;
		};
		7B0E0AF82F514AD7008707E9 /* Resources */ = {
			isa = PBXResourcesBuildPhase;
			buildActionMask = 2147483647;
			files = (
			);
			runOnlyForDeploymentPostprocessing = 0;
		};
		7B0E0B0A2F514AE8008707E9 /* Resources */ = {
			isa = PBXResourcesBuildPhase;
			buildActionMask = 2147483647;
			files = (
			);
			runOnlyForDeploymentPostprocessing = 0;
		};
		7B0E0B122F514AE8008707E9 /* Resources */ = {
			isa = PBXResourcesBuildPhase;
			buildActionMask = 2147483647;
			files = (
			);
			runOnlyForDeploymentPostprocessing = 0;
		};
/* End PBXResourcesBuildPhase section */

/* Begin PBXSourcesBuildPhase section */
		7B0E0AEE2F514AD7008707E9 /* Sources */ = {
			isa = PBXSourcesBuildPhase;
			buildActionMask = 2147483647;
			files = (
			);
			runOnlyForDeploymentPostprocessing = 0;
		};
		7B0E0AF62F514AD7008707E9 /* Sources */ = {
			isa = PBXSourcesBuildPhase;
			buildActionMask = 2147483647;
			files = (
			);
			runOnlyForDeploymentPostprocessing = 0;
		};
		7B0E0B082F514AE8008707E9 /* Sources */ = {
			isa = PBXSourcesBuildPhase;
			buildActionMask = 2147483647;
			files = (
			);
			runOnlyForDeploymentPostprocessing = 0;
		};
		7B0E0B102F514AE8008707E9 /* Sources */ = {
			isa = PBXSourcesBuildPhase;
			buildActionMask = 2147483647;
			files = (
			);
			runOnlyForDeploymentPostprocessing = 0;
		};
/* End PBXSourcesBuildPhase section */

/* Begin PBXTargetDependency section */
		7B0E0AFD2F514AD7008707E9 /* PBXTargetDependency */ = {
			isa = PBXTargetDependency;
			target = 7B0E0AF12F514AD7008707E9 /* BaseFeature */;
			targetProxy = 7B0E0AFC2F514AD7008707E9 /* PBXContainerItemProxy */;
		};
		7B0E0B172F514AE8008707E9 /* PBXTargetDependency */ = {
			isa = PBXTargetDependency;
			target = 7B0E0B0B2F514AE8008707E9 /* CalendarFeature */;
			targetProxy = 7B0E0B162F514AE8008707E9 /* PBXContainerItemProxy */;
		};
/* End PBXTargetDependency section */

/* Begin XCBuildConfiguration section */
		7B0E0A782F5149B1008707E9 /* Debug */ = {
			isa = XCBuildConfiguration;
			buildSettings = {
				ALWAYS_SEARCH_USER_PATHS = NO;
				ASSETCATALOG_COMPILER_GENERATE_SWIFT_ASSET_SYMBOL_EXTENSIONS = YES;
				CLANG_ANALYZER_NONNULL = YES;
				CLANG_ANALYZER_NUMBER_OBJECT_CONVERSION = YES_AGGRESSIVE;
				CLANG_CXX_LANGUAGE_STANDARD = "gnu++20";
				CLANG_ENABLE_MODULES = YES;
				CLANG_ENABLE_OBJC_ARC = YES;
				CLANG_ENABLE_OBJC_WEAK = YES;
				CLANG_WARN_BLOCK_CAPTURE_AUTORELEASING = YES;
				CLANG_WARN_BOOL_CONVERSION = YES;
				CLANG_WARN_COMMA = YES;
				CLANG_WARN_CONSTANT_CONVERSION = YES;
				CLANG_WARN_DEPRECATED_OBJC_IMPLEMENTATIONS = YES;
				CLANG_WARN_DIRECT_OBJC_ISA_USAGE = YES_ERROR;
				CLANG_WARN_DOCUMENTATION_COMMENTS = YES;
				CLANG_WARN_EMPTY_BODY = YES;
				CLANG_WARN_ENUM_CONVERSION = YES;
				CLANG_WARN_INFINITE_RECURSION = YES;
				CLANG_WARN_INT_CONVERSION = YES;
				CLANG_WARN_NON_LITERAL_NULL_CONVERSION = YES;
				CLANG_WARN_OBJC_IMPLICIT_RETAIN_SELF = YES;
				CLANG_WARN_OBJC_LITERAL_CONVERSION = YES;
				CLANG_WARN_OBJC_ROOT_CLASS = YES_ERROR;
				CLANG_WARN_QUOTED_INCLUDE_IN_FRAMEWORK_HEADER = YES;
				CLANG_WARN_RANGE_LOOP_ANALYSIS = YES;
				CLANG_WARN_STRICT_PROTOTYPES = YES;
				CLANG_WARN_SUSPICIOUS_MOVE = YES;
				CLANG_WARN_UNGUARDED_AVAILABILITY = YES_AGGRESSIVE;
				CLANG_WARN_UNREACHABLE_CODE = YES;
				CLANG_WARN__DUPLICATE_METHOD_MATCH = YES;
				COPY_PHASE_STRIP = NO;
				CURRENT_PROJECT_VERSION = 1;
				DEBUG_INFORMATION_FORMAT = dwarf;
				DEVELOPMENT_TEAM = MPMHNJMTGA;
				ENABLE_STRICT_OBJC_MSGSEND = YES;
				ENABLE_TESTABILITY = YES;
				ENABLE_USER_SCRIPT_SANDBOXING = YES;
				GCC_C_LANGUAGE_STANDARD = gnu17;
				GCC_DYNAMIC_NO_PIC = NO;
				GCC_NO_COMMON_BLOCKS = YES;
				GCC_OPTIMIZATION_LEVEL = 0;
				GCC_PREPROCESSOR_DEFINITIONS = (
					"DEBUG=1",
					"$(inherited)",
				);
				GCC_WARN_64_TO_32_BIT_CONVERSION = YES;
				GCC_WARN_ABOUT_RETURN_TYPE = YES_ERROR;
				GCC_WARN_UNDECLARED_SELECTOR = YES;
				GCC_WARN_UNINITIALIZED_AUTOS = YES_AGGRESSIVE;
				GCC_WARN_UNUSED_FUNCTION = YES;
				GCC_WARN_UNUSED_VARIABLE = YES;
				LOCALIZATION_PREFERS_STRING_CATALOGS = YES;
				MTL_ENABLE_DEBUG_INFO = INCLUDE_SOURCE;
				MTL_FAST_MATH = YES;
				ONLY_ACTIVE_ARCH = YES;
				SWIFT_ACTIVE_COMPILATION_CONDITIONS = "DEBUG $(inherited)";
				SWIFT_OPTIMIZATION_LEVEL = "-Onone";
				VERSIONING_SYSTEM = "apple-generic";
				VERSION_INFO_PREFIX = "";
			};
			name = Debug;
		};
		7B0E0A792F5149B1008707E9 /* Release */ = {
			isa = XCBuildConfiguration;
			buildSettings = {
				ALWAYS_SEARCH_USER_PATHS = NO;
				ASSETCATALOG_COMPILER_GENERATE_SWIFT_ASSET_SYMBOL_EXTENSIONS = YES;
				CLANG_ANALYZER_NONNULL = YES;
				CLANG_ANALYZER_NUMBER_OBJECT_CONVERSION = YES_AGGRESSIVE;
				CLANG_CXX_LANGUAGE_STANDARD = "gnu++20";
				CLANG_ENABLE_MODULES = YES;
				CLANG_ENABLE_OBJC_ARC = YES;
				CLANG_ENABLE_OBJC_WEAK = YES;
				CLANG_WARN_BLOCK_CAPTURE_AUTORELEASING = YES;
				CLANG_WARN_BOOL_CONVERSION = YES;
				CLANG_WARN_COMMA = YES;
				CLANG_WARN_CONSTANT_CONVERSION = YES;
				CLANG_WARN_DEPRECATED_OBJC_IMPLEMENTATIONS = YES;
				CLANG_WARN_DIRECT_OBJC_ISA_USAGE = YES_ERROR;
				CLANG_WARN_DOCUMENTATION_COMMENTS = YES;
				CLANG_WARN_EMPTY_BODY = YES;
				CLANG_WARN_ENUM_CONVERSION = YES;
				CLANG_WARN_INFINITE_RECURSION = YES;
				CLANG_WARN_INT_CONVERSION = YES;
				CLANG_WARN_NON_LITERAL_NULL_CONVERSION = YES;
				CLANG_WARN_OBJC_IMPLICIT_RETAIN_SELF = YES;
				CLANG_WARN_OBJC_LITERAL_CONVERSION = YES;
				CLANG_WARN_OBJC_ROOT_CLASS = YES_ERROR;
				CLANG_WARN_QUOTED_INCLUDE_IN_FRAMEWORK_HEADER = YES;
				CLANG_WARN_RANGE_LOOP_ANALYSIS = YES;
				CLANG_WARN_STRICT_PROTOTYPES = YES;
				CLANG_WARN_SUSPICIOUS_MOVE = YES;
				CLANG_WARN_UNGUARDED_AVAILABILITY = YES_AGGRESSIVE;
				CLANG_WARN_UNREACHABLE_CODE = YES;
				CLANG_WARN__DUPLICATE_METHOD_MATCH = YES;
				COPY_PHASE_STRIP = NO;
				CURRENT_PROJECT_VERSION = 1;
				DEBUG_INFORMATION_FORMAT = "dwarf-with-dsym";
				DEVELOPMENT_TEAM = MPMHNJMTGA;
				ENABLE_NS_ASSERTIONS = NO;
				ENABLE_STRICT_OBJC_MSGSEND = YES;
				ENABLE_USER_SCRIPT_SANDBOXING = YES;
				GCC_C_LANGUAGE_STANDARD = gnu17;
				GCC_NO_COMMON_BLOCKS = YES;
				GCC_WARN_64_TO_32_BIT_CONVERSION = YES;
				GCC_WARN_ABOUT_RETURN_TYPE = YES_ERROR;
				GCC_WARN_UNDECLARED_SELECTOR = YES;
				GCC_WARN_UNINITIALIZED_AUTOS = YES_AGGRESSIVE;
				GCC_WARN_UNUSED_FUNCTION = YES;
				GCC_WARN_UNUSED_VARIABLE = YES;
				LOCALIZATION_PREFERS_STRING_CATALOGS = YES;
				MTL_ENABLE_DEBUG_INFO = NO;
				MTL_FAST_MATH = YES;
				SWIFT_COMPILATION_MODE = wholemodule;
				VERSIONING_SYSTEM = "apple-generic";
				VERSION_INFO_PREFIX = "";
			};
			name = Release;
		};
		7B0E0B022F514AD7008707E9 /* Debug */ = {
			isa = XCBuildConfiguration;
			buildSettings = {
				ALLOW_TARGET_PLATFORM_SPECIALIZATION = YES;
				BUILD_LIBRARY_FOR_DISTRIBUTION = YES;
				CODE_SIGN_STYLE = Automatic;
				CURRENT_PROJECT_VERSION = 1;
				DEVELOPMENT_TEAM = MPMHNJMTGA;
				DYLIB_COMPATIBILITY_VERSION = 1;
				DYLIB_CURRENT_VERSION = 1;
				DYLIB_INSTALL_NAME_BASE = "@rpath";
				ENABLE_MODULE_VERIFIER = YES;
				GENERATE_INFOPLIST_FILE = YES;
				INFOPLIST_KEY_NSHumanReadableCopyright = "";
				INSTALL_PATH = "$(LOCAL_LIBRARY_DIR)/Frameworks";
				IPHONEOS_DEPLOYMENT_TARGET = 26.0;
				LD_RUNPATH_SEARCH_PATHS = (
					"@executable_path/Frameworks",
					"@loader_path/Frameworks",
				);
				"LD_RUNPATH_SEARCH_PATHS[sdk=macosx*]" = (
					"@executable_path/../Frameworks",
					"@loader_path/Frameworks",
				);
				MACOSX_DEPLOYMENT_TARGET = 26.0;
				MARKETING_VERSION = 1.0;
				MODULE_VERIFIER_SUPPORTED_LANGUAGES = "objective-c objective-c++";
				MODULE_VERIFIER_SUPPORTED_LANGUAGE_STANDARDS = "gnu17 gnu++20";
				PRODUCT_BUNDLE_IDENTIFIER = com.youngkyu.BaseFeature;
				PRODUCT_NAME = "$(TARGET_NAME:c99extidentifier)";
				SDKROOT = auto;
				SKIP_INSTALL = YES;
				STRING_CATALOG_GENERATE_SYMBOLS = YES;
				SUPPORTED_PLATFORMS = "iphoneos iphonesimulator macosx";
				SUPPORTS_MACCATALYST = NO;
				SWIFT_APPROACHABLE_CONCURRENCY = YES;
				SWIFT_EMIT_LOC_STRINGS = YES;
				SWIFT_INSTALL_MODULE = YES;
				SWIFT_INSTALL_OBJC_HEADER = NO;
				SWIFT_UPCOMING_FEATURE_MEMBER_IMPORT_VISIBILITY = YES;
				SWIFT_VERSION = 5.0;
				TARGETED_DEVICE_FAMILY = "1,2";
				XROS_DEPLOYMENT_TARGET = 26.2;
			};
			name = Debug;
		};
		7B0E0B032F514AD7008707E9 /* Release */ = {
			isa = XCBuildConfiguration;
			buildSettings = {
				ALLOW_TARGET_PLATFORM_SPECIALIZATION = YES;
				BUILD_LIBRARY_FOR_DISTRIBUTION = YES;
				CODE_SIGN_STYLE = Automatic;
				CURRENT_PROJECT_VERSION = 1;
				DEVELOPMENT_TEAM = MPMHNJMTGA;
				DYLIB_COMPATIBILITY_VERSION = 1;
				DYLIB_CURRENT_VERSION = 1;
				DYLIB_INSTALL_NAME_BASE = "@rpath";
				ENABLE_MODULE_VERIFIER = YES;
				GENERATE_INFOPLIST_FILE = YES;
				INFOPLIST_KEY_NSHumanReadableCopyright = "";
				INSTALL_PATH = "$(LOCAL_LIBRARY_DIR)/Frameworks";
				IPHONEOS_DEPLOYMENT_TARGET = 26.0;
				LD_RUNPATH_SEARCH_PATHS = (
					"@executable_path/Frameworks",
					"@loader_path/Frameworks",
				);
				"LD_RUNPATH_SEARCH_PATHS[sdk=macosx*]" = (
					"@executable_path/../Frameworks",
					"@loader_path/Frameworks",
				);
				MACOSX_DEPLOYMENT_TARGET = 26.0;
				MARKETING_VERSION = 1.0;
				MODULE_VERIFIER_SUPPORTED_LANGUAGES = "objective-c objective-c++";
				MODULE_VERIFIER_SUPPORTED_LANGUAGE_STANDARDS = "gnu17 gnu++20";
				PRODUCT_BUNDLE_IDENTIFIER = com.youngkyu.BaseFeature;
				PRODUCT_NAME = "$(TARGET_NAME:c99extidentifier)";
				SDKROOT = auto;
				SKIP_INSTALL = YES;
				STRING_CATALOG_GENERATE_SYMBOLS = YES;
				SUPPORTED_PLATFORMS = "iphoneos iphonesimulator macosx";
				SUPPORTS_MACCATALYST = NO;
				SWIFT_APPROACHABLE_CONCURRENCY = YES;
				SWIFT_EMIT_LOC_STRINGS = YES;
				SWIFT_INSTALL_MODULE = YES;
				SWIFT_INSTALL_OBJC_HEADER = NO;
				SWIFT_UPCOMING_FEATURE_MEMBER_IMPORT_VISIBILITY = YES;
				SWIFT_VERSION = 5.0;
				TARGETED_DEVICE_FAMILY = "1,2";
				XROS_DEPLOYMENT_TARGET = 26.2;
			};
			name = Release;
		};
		7B0E0B052F514AD7008707E9 /* Debug */ = {
			isa = XCBuildConfiguration;
			buildSettings = {
				ALLOW_TARGET_PLATFORM_SPECIALIZATION = YES;
				CODE_SIGN_STYLE = Automatic;
				CURRENT_PROJECT_VERSION = 1;
				DEVELOPMENT_TEAM = MPMHNJMTGA;
				GENERATE_INFOPLIST_FILE = YES;
				IPHONEOS_DEPLOYMENT_TARGET = 26.0;
				MACOSX_DEPLOYMENT_TARGET = 26.0;
				MARKETING_VERSION = 1.0;
				PRODUCT_BUNDLE_IDENTIFIER = com.youngkyu.BaseFeatureTests;
				PRODUCT_NAME = "$(TARGET_NAME)";
				SDKROOT = auto;
				STRING_CATALOG_GENERATE_SYMBOLS = NO;
				SUPPORTED_PLATFORMS = "iphoneos iphonesimulator macosx";
				SUPPORTS_MACCATALYST = NO;
				SWIFT_APPROACHABLE_CONCURRENCY = YES;
				SWIFT_EMIT_LOC_STRINGS = NO;
				SWIFT_UPCOMING_FEATURE_MEMBER_IMPORT_VISIBILITY = YES;
				SWIFT_VERSION = 5.0;
				TARGETED_DEVICE_FAMILY = "1,2";
				XROS_DEPLOYMENT_TARGET = 26.2;
			};
			name = Debug;
		};
		7B0E0B062F514AD7008707E9 /* Release */ = {
			isa = XCBuildConfiguration;
			buildSettings = {
				ALLOW_TARGET_PLATFORM_SPECIALIZATION = YES;
				CODE_SIGN_STYLE = Automatic;
				CURRENT_PROJECT_VERSION = 1;
				DEVELOPMENT_TEAM = MPMHNJMTGA;
				GENERATE_INFOPLIST_FILE = YES;
				IPHONEOS_DEPLOYMENT_TARGET = 26.0;
				MACOSX_DEPLOYMENT_TARGET = 26.0;
				MARKETING_VERSION = 1.0;
				PRODUCT_BUNDLE_IDENTIFIER = com.youngkyu.BaseFeatureTests;
				PRODUCT_NAME = "$(TARGET_NAME)";
				SDKROOT = auto;
				STRING_CATALOG_GENERATE_SYMBOLS = NO;
				SUPPORTED_PLATFORMS = "iphoneos iphonesimulator macosx";
				SUPPORTS_MACCATALYST = NO;
				SWIFT_APPROACHABLE_CONCURRENCY = YES;
				SWIFT_EMIT_LOC_STRINGS = NO;
				SWIFT_UPCOMING_FEATURE_MEMBER_IMPORT_VISIBILITY = YES;
				SWIFT_VERSION = 5.0;
				TARGETED_DEVICE_FAMILY = "1,2";
				XROS_DEPLOYMENT_TARGET = 26.2;
			};
			name = Release;
		};
		7B0E0B1C2F514AE8008707E9 /* Debug */ = {
			isa = XCBuildConfiguration;
			buildSettings = {
				ALLOW_TARGET_PLATFORM_SPECIALIZATION = YES;
				BUILD_LIBRARY_FOR_DISTRIBUTION = YES;
				CODE_SIGN_STYLE = Automatic;
				CURRENT_PROJECT_VERSION = 1;
				DEVELOPMENT_TEAM = MPMHNJMTGA;
				DYLIB_COMPATIBILITY_VERSION = 1;
				DYLIB_CURRENT_VERSION = 1;
				DYLIB_INSTALL_NAME_BASE = "@rpath";
				ENABLE_MODULE_VERIFIER = YES;
				GENERATE_INFOPLIST_FILE = YES;
				INFOPLIST_KEY_NSHumanReadableCopyright = "";
				INSTALL_PATH = "$(LOCAL_LIBRARY_DIR)/Frameworks";
				IPHONEOS_DEPLOYMENT_TARGET = 26.0;
				LD_RUNPATH_SEARCH_PATHS = (
					"@executable_path/Frameworks",
					"@loader_path/Frameworks",
				);
				"LD_RUNPATH_SEARCH_PATHS[sdk=macosx*]" = (
					"@executable_path/../Frameworks",
					"@loader_path/Frameworks",
				);
				MACOSX_DEPLOYMENT_TARGET = 26.0;
				MARKETING_VERSION = 1.0;
				MODULE_VERIFIER_SUPPORTED_LANGUAGES = "objective-c objective-c++";
				MODULE_VERIFIER_SUPPORTED_LANGUAGE_STANDARDS = "gnu17 gnu++20";
				PRODUCT_BUNDLE_IDENTIFIER = com.youngkyu.CalendarFeature;
				PRODUCT_NAME = "$(TARGET_NAME:c99extidentifier)";
				SDKROOT = auto;
				SKIP_INSTALL = YES;
				STRING_CATALOG_GENERATE_SYMBOLS = YES;
				SUPPORTED_PLATFORMS = "iphoneos iphonesimulator macosx";
				SUPPORTS_MACCATALYST = NO;
				SWIFT_APPROACHABLE_CONCURRENCY = YES;
				SWIFT_EMIT_LOC_STRINGS = YES;
				SWIFT_INSTALL_MODULE = YES;
				SWIFT_INSTALL_OBJC_HEADER = NO;
				SWIFT_UPCOMING_FEATURE_MEMBER_IMPORT_VISIBILITY = YES;
				SWIFT_VERSION = 5.0;
				TARGETED_DEVICE_FAMILY = "1,2";
				XROS_DEPLOYMENT_TARGET = 26.2;
			};
			name = Debug;
		};
		7B0E0B1D2F514AE8008707E9 /* Release */ = {
			isa = XCBuildConfiguration;
			buildSettings = {
				ALLOW_TARGET_PLATFORM_SPECIALIZATION = YES;
				BUILD_LIBRARY_FOR_DISTRIBUTION = YES;
				CODE_SIGN_STYLE = Automatic;
				CURRENT_PROJECT_VERSION = 1;
				DEVELOPMENT_TEAM = MPMHNJMTGA;
				DYLIB_COMPATIBILITY_VERSION = 1;
				DYLIB_CURRENT_VERSION = 1;
				DYLIB_INSTALL_NAME_BASE = "@rpath";
				ENABLE_MODULE_VERIFIER = YES;
				GENERATE_INFOPLIST_FILE = YES;
				INFOPLIST_KEY_NSHumanReadableCopyright = "";
				INSTALL_PATH = "$(LOCAL_LIBRARY_DIR)/Frameworks";
				IPHONEOS_DEPLOYMENT_TARGET = 26.0;
				LD_RUNPATH_SEARCH_PATHS = (
					"@executable_path/Frameworks",
					"@loader_path/Frameworks",
				);
				"LD_RUNPATH_SEARCH_PATHS[sdk=macosx*]" = (
					"@executable_path/../Frameworks",
					"@loader_path/Frameworks",
				);
				MACOSX_DEPLOYMENT_TARGET = 26.0;
				MARKETING_VERSION = 1.0;
				MODULE_VERIFIER_SUPPORTED_LANGUAGES = "objective-c objective-c++";
				MODULE_VERIFIER_SUPPORTED_LANGUAGE_STANDARDS = "gnu17 gnu++20";
				PRODUCT_BUNDLE_IDENTIFIER = com.youngkyu.CalendarFeature;
				PRODUCT_NAME = "$(TARGET_NAME:c99extidentifier)";
				SDKROOT = auto;
				SKIP_INSTALL = YES;
				STRING_CATALOG_GENERATE_SYMBOLS = YES;
				SUPPORTED_PLATFORMS = "iphoneos iphonesimulator macosx";
				SUPPORTS_MACCATALYST = NO;
				SWIFT_APPROACHABLE_CONCURRENCY = YES;
				SWIFT_EMIT_LOC_STRINGS = YES;
				SWIFT_INSTALL_MODULE = YES;
				SWIFT_INSTALL_OBJC_HEADER = NO;
				SWIFT_UPCOMING_FEATURE_MEMBER_IMPORT_VISIBILITY = YES;
				SWIFT_VERSION = 5.0;
				TARGETED_DEVICE_FAMILY = "1,2";
				XROS_DEPLOYMENT_TARGET = 26.2;
			};
			name = Release;
		};
		7B0E0B1F2F514AE8008707E9 /* Debug */ = {
			isa = XCBuildConfiguration;
			buildSettings = {
				ALLOW_TARGET_PLATFORM_SPECIALIZATION = YES;
				CODE_SIGN_STYLE = Automatic;
				CURRENT_PROJECT_VERSION = 1;
				DEVELOPMENT_TEAM = MPMHNJMTGA;
				GENERATE_INFOPLIST_FILE = YES;
				IPHONEOS_DEPLOYMENT_TARGET = 26.0;
				MACOSX_DEPLOYMENT_TARGET = 26.0;
				MARKETING_VERSION = 1.0;
				PRODUCT_BUNDLE_IDENTIFIER = com.youngkyu.CalendarFeatureTests;
				PRODUCT_NAME = "$(TARGET_NAME)";
				SDKROOT = auto;
				STRING_CATALOG_GENERATE_SYMBOLS = NO;
				SUPPORTED_PLATFORMS = "iphoneos iphonesimulator macosx";
				SUPPORTS_MACCATALYST = NO;
				SWIFT_APPROACHABLE_CONCURRENCY = YES;
				SWIFT_EMIT_LOC_STRINGS = NO;
				SWIFT_UPCOMING_FEATURE_MEMBER_IMPORT_VISIBILITY = YES;
				SWIFT_VERSION = 5.0;
				TARGETED_DEVICE_FAMILY = "1,2";
				XROS_DEPLOYMENT_TARGET = 26.2;
			};
			name = Debug;
		};
		7B0E0B202F514AE8008707E9 /* Release */ = {
			isa = XCBuildConfiguration;
			buildSettings = {
				ALLOW_TARGET_PLATFORM_SPECIALIZATION = YES;
				CODE_SIGN_STYLE = Automatic;
				CURRENT_PROJECT_VERSION = 1;
				DEVELOPMENT_TEAM = MPMHNJMTGA;
				GENERATE_INFOPLIST_FILE = YES;
				IPHONEOS_DEPLOYMENT_TARGET = 26.0;
				MACOSX_DEPLOYMENT_TARGET = 26.0;
				MARKETING_VERSION = 1.0;
				PRODUCT_BUNDLE_IDENTIFIER = com.youngkyu.CalendarFeatureTests;
				PRODUCT_NAME = "$(TARGET_NAME)";
				SDKROOT = auto;
				STRING_CATALOG_GENERATE_SYMBOLS = NO;
				SUPPORTED_PLATFORMS = "iphoneos iphonesimulator macosx";
				SUPPORTS_MACCATALYST = NO;
				SWIFT_APPROACHABLE_CONCURRENCY = YES;
				SWIFT_EMIT_LOC_STRINGS = NO;
				SWIFT_UPCOMING_FEATURE_MEMBER_IMPORT_VISIBILITY = YES;
				SWIFT_VERSION = 5.0;
				TARGETED_DEVICE_FAMILY = "1,2";
				XROS_DEPLOYMENT_TARGET = 26.2;
			};
			name = Release;
		};
/* End XCBuildConfiguration section */

/* Begin XCConfigurationList section */
		7B0E0A622F5149B1008707E9 /* Build configuration list for PBXProject "Feature" */ = {
			isa = XCConfigurationList;
			buildConfigurations = (
				7B0E0A782F5149B1008707E9 /* Debug */,
				7B0E0A792F5149B1008707E9 /* Release */,
			);
			defaultConfigurationIsVisible = 0;
			defaultConfigurationName = Release;
		};
		7B0E0B012F514AD7008707E9 /* Build configuration list for PBXNativeTarget "BaseFeature" */ = {
			isa = XCConfigurationList;
			buildConfigurations = (
				7B0E0B022F514AD7008707E9 /* Debug */,
				7B0E0B032F514AD7008707E9 /* Release */,
			);
			defaultConfigurationIsVisible = 0;
			defaultConfigurationName = Release;
		};
		7B0E0B042F514AD7008707E9 /* Build configuration list for PBXNativeTarget "BaseFeatureTests" */ = {
			isa = XCConfigurationList;
			buildConfigurations = (
				7B0E0B052F514AD7008707E9 /* Debug */,
				7B0E0B062F514AD7008707E9 /* Release */,
			);
			defaultConfigurationIsVisible = 0;
			defaultConfigurationName = Release;
		};
		7B0E0B1B2F514AE8008707E9 /* Build configuration list for PBXNativeTarget "CalendarFeature" */ = {
			isa = XCConfigurationList;
			buildConfigurations = (
				7B0E0B1C2F514AE8008707E9 /* Debug */,
				7B0E0B1D2F514AE8008707E9 /* Release */,
			);
			defaultConfigurationIsVisible = 0;
			defaultConfigurationName = Release;
		};
		7B0E0B1E2F514AE8008707E9 /* Build configuration list for PBXNativeTarget "CalendarFeatureTests" */ = {
			isa = XCConfigurationList;
			buildConfigurations = (
				7B0E0B1F2F514AE8008707E9 /* Debug */,
				7B0E0B202F514AE8008707E9 /* Release */,
			);
			defaultConfigurationIsVisible = 0;
			defaultConfigurationName = Release;
		};
/* End XCConfigurationList section */
	};
	rootObject = 7B0E0A5F2F5149B1008707E9 /* Project object */;
}
