// !$*UTF8*$!
{
	archiveVersion = 1;
	classes = {
	};
	objectVersion = 77;
	objects = {

/* Begin PBXBuildFile section */
		599D701F67B68D6A2979ED76 /* SeukCalendarWidget.appex in Embed App Extensions */ = {isa = PBXBuildFile; fileRef = 9F9767B9AE1050BD52AA356E /* SeukCalendarWidget.appex */; settings = {ATTRIBUTES = (CodeSignOnCopy, RemoveHeadersOnCopy, ); }; };
		76A5F34EC0A54E8A9A0F5A11 /* DesignSystem.framework in Frameworks */ = {isa = PBXBuildFile; fileRef = 7B0E0D5C2F51513B008707E9 /* DesignSystem.framework */; };
		7B0E0D622F51513B008707E9 /* AI.framework in Frameworks */ = {isa = PBXBuildFile; fileRef = 7B0E0D552F51513B008707E9 /* AI.framework */; };
		7B0E0D632F51513B008707E9 /* AI.framework in Embed Frameworks */ = {isa = PBXBuildFile; fileRef = 7B0E0D552F51513B008707E9 /* AI.framework */; settings = {ATTRIBUTES = (CodeSignOnCopy, RemoveHeadersOnCopy, ); }; };
		7B0E0D642F51513B008707E9 /* Coordinator.framework in Frameworks */ = {isa = PBXBuildFile; fileRef = 7B0E0D562F51513B008707E9 /* Coordinator.framework */; };
		7B0E0D652F51513B008707E9 /* Coordinator.framework in Embed Frameworks */ = {isa = PBXBuildFile; fileRef = 7B0E0D562F51513B008707E9 /* Coordinator.framework */; settings = {ATTRIBUTES = (CodeSignOnCopy, RemoveHeadersOnCopy, ); }; };
		7B0E0D662F51513B008707E9 /* Core.framework in Frameworks */ = {isa = PBXBuildFile; fileRef = 7B0E0D572F51513B008707E9 /* Core.framework */; };
		7B0E0D672F51513B008707E9 /* Core.framework in Embed Frameworks */ = {isa = PBXBuildFile; fileRef = 7B0E0D572F51513B008707E9 /* Core.framework */; settings = {ATTRIBUTES = (CodeSignOnCopy, RemoveHeadersOnCopy, ); }; };
		7B0E0D682F51513B008707E9 /* CalendarData.framework in Frameworks */ = {isa = PBXBuildFile; fileRef = 7B0E0D582F51513B008707E9 /* CalendarData.framework */; };
		7B0E0D692F51513B008707E9 /* CalendarData.framework in Embed Frameworks */ = {isa = PBXBuildFile; fileRef = 7B0E0D582F51513B008707E9 /* CalendarData.framework */; settings = {ATTRIBUTES = (CodeSignOnCopy, RemoveHeadersOnCopy, ); }; };
		7B0E0D6A2F51513B008707E9 /* Common.framework in Frameworks */ = {isa = PBXBuildFile; fileRef = 7B0E0D592F51513B008707E9 /* Common.framework */; };
		7B0E0D6B2F51513B008707E9 /* Common.framework in Embed Frameworks */ = {isa = PBXBuildFile; fileRef = 7B0E0D592F51513B008707E9 /* Common.framework */; settings = {ATTRIBUTES = (CodeSignOnCopy, RemoveHeadersOnCopy, ); }; };
		7B0E0D6C2F51513B008707E9 /* KeyChainData.framework in Frameworks */ = {isa = PBXBuildFile; fileRef = 7B0E0D5A2F51513B008707E9 /* KeyChainData.framework */; };
		7B0E0D6D2F51513B008707E9 /* KeyChainData.framework in Embed Frameworks */ = {isa = PBXBuildFile; fileRef = 7B0E0D5A2F51513B008707E9 /* KeyChainData.framework */; settings = {ATTRIBUTES = (CodeSignOnCopy, RemoveHeadersOnCopy, ); }; };
		7B0E0D6E2F51513B008707E9 /* UserData.framework in Frameworks */ = {isa = PBXBuildFile; fileRef = 7B0E0D5B2F51513B008707E9 /* UserData.framework */; };
		7B0E0D6F2F51513B008707E9 /* UserData.framework in Embed Frameworks */ = {isa = PBXBuildFile; fileRef = 7B0E0D5B2F51513B008707E9 /* UserData.framework */; settings = {ATTRIBUTES = (CodeSignOnCopy, RemoveHeadersOnCopy, ); }; };
		7B0E0D702F51513B008707E9 /* DesignSystem.framework in Frameworks */ = {isa = PBXBuildFile; fileRef = 7B0E0D5C2F51513B008707E9 /* DesignSystem.framework */; };
		7B0E0D712F51513B008707E9 /* DesignSystem.framework in Embed Frameworks */ = {isa = PBXBuildFile; fileRef = 7B0E0D5C2F51513B008707E9 /* DesignSystem.framework */; settings = {ATTRIBUTES = (CodeSignOnCopy, RemoveHeadersOnCopy, ); }; };
		7B0E0D722F51513B008707E9 /* CalendarDomain.framework in Frameworks */ = {isa = PBXBuildFile; fileRef = 7B0E0D5D2F51513B008707E9 /* CalendarDomain.framework */; };
		7B0E0D732F51513B008707E9 /* CalendarDomain.framework in Embed Frameworks */ = {isa = PBXBuildFile; fileRef = 7B0E0D5D2F51513B008707E9 /* CalendarDomain.framework */; settings = {ATTRIBUTES = (CodeSignOnCopy, RemoveHeadersOnCopy, ); }; };
		7B0E0D742F51513B008707E9 /* UserDomain.framework in Frameworks */ = {isa = PBXBuildFile; fileRef = 7B0E0D5E2F51513B008707E9 /* UserDomain.framework */; };
		7B0E0D752F51513B008707E9 /* UserDomain.framework in Embed Frameworks */ = {isa = PBXBuildFile; fileRef = 7B0E0D5E2F51513B008707E9 /* UserDomain.framework */; settings = {ATTRIBUTES = (CodeSignOnCopy, RemoveHeadersOnCopy, ); }; };
		7B0E0D762F51513B008707E9 /* BaseFeature.framework in Frameworks */ = {isa = PBXBuildFile; fileRef = 7B0E0D5F2F51513B008707E9 /* BaseFeature.framework */; };
		7B0E0D772F51513B008707E9 /* BaseFeature.framework in Embed Frameworks */ = {isa = PBXBuildFile; fileRef = 7B0E0D5F2F51513B008707E9 /* BaseFeature.framework */; settings = {ATTRIBUTES = (CodeSignOnCopy, RemoveHeadersOnCopy, ); }; };
		7B0E0D782F51513B008707E9 /* CalendarFeature.framework in Frameworks */ = {isa = PBXBuildFile; fileRef = 7B0E0D602F51513B008707E9 /* CalendarFeature.framework */; };
		7B0E0D792F51513B008707E9 /* CalendarFeature.framework in Embed Frameworks */ = {isa = PBXBuildFile; fileRef = 7B0E0D602F51513B008707E9 /* CalendarFeature.framework */; settings = {ATTRIBUTES = (CodeSignOnCopy, RemoveHeadersOnCopy, ); }; };
		7B0E0D7A2F51513B008707E9 /* Navigation.framework in Frameworks */ = {isa = PBXBuildFile; fileRef = 7B0E0D612F51513B008707E9 /* Navigation.framework */; };
		7B0E0D7B2F51513B008707E9 /* Navigation.framework in Embed Frameworks */ = {isa = PBXBuildFile; fileRef = 7B0E0D612F51513B008707E9 /* Navigation.framework */; settings = {ATTRIBUTES = (CodeSignOnCopy, RemoveHeadersOnCopy, ); }; };
/* End PBXBuildFile section */

/* Begin PBXContainerItemProxy section */
		5A684DACF1BD503E4031D83B /* PBXContainerItemProxy */ = {
			isa = PBXContainerItemProxy;
			containerPortal = 7B58BF392DF6800700FF47AB /* Project object */;
			proxyType = 1;
			remoteGlobalIDString = A9B51C4E55549EAEC040D740;
			remoteInfo = SeukCalendarWidget;
		};
/* End PBXContainerItemProxy section */

/* Begin PBXCopyFilesBuildPhase section */
		3CB8A9FB2AB0AF457EF44442 /* Embed App Extensions */ = {
			isa = PBXCopyFilesBuildPhase;
			buildActionMask = 2147483647;
			dstPath = "";
			dstSubfolderSpec = 13;
			files = (
				599D701F67B68D6A2979ED76 /* SeukCalendarWidget.appex in Embed App Extensions */,
			);
			name = "Embed App Extensions";
			runOnlyForDeploymentPostprocessing = 0;
		};
		7B0E0D7C2F51513B008707E9 /* Embed Frameworks */ = {
			isa = PBXCopyFilesBuildPhase;
			buildActionMask = 2147483647;
			dstPath = "";
			dstSubfolderSpec = 10;
			files = (
				7B0E0D632F51513B008707E9 /* AI.framework in Embed Frameworks */,
				7B0E0D712F51513B008707E9 /* DesignSystem.framework in Embed Frameworks */,
				7B0E0D732F51513B008707E9 /* CalendarDomain.framework in Embed Frameworks */,
				7B0E0D792F51513B008707E9 /* CalendarFeature.framework in Embed Frameworks */,
				7B0E0D672F51513B008707E9 /* Core.framework in Embed Frameworks */,
				7B0E0D6F2F51513B008707E9 /* UserData.framework in Embed Frameworks */,
				7B0E0D7B2F51513B008707E9 /* Navigation.framework in Embed Frameworks */,
				7B0E0D772F51513B008707E9 /* BaseFeature.framework in Embed Frameworks */,
				7B0E0D752F51513B008707E9 /* UserDomain.framework in Embed Frameworks */,
				7B0E0D6B2F51513B008707E9 /* Common.framework in Embed Frameworks */,
				7B0E0D692F51513B008707E9 /* CalendarData.framework in Embed Frameworks */,
				7B0E0D6D2F51513B008707E9 /* KeyChainData.framework in Embed Frameworks */,
				7B0E0D652F51513B008707E9 /* Coordinator.framework in Embed Frameworks */,
			);
			name = "Embed Frameworks";
			runOnlyForDeploymentPostprocessing = 0;
		};
/* End PBXCopyFilesBuildPhase section */

/* Begin PBXFileReference section */
		7B09AD9A2E268FE500327B42 /* DesignSystem.framework */ = {isa = PBXFileReference; explicitFileType = wrapper.framework; path = DesignSystem.framework; sourceTree = BUILT_PRODUCTS_DIR; };
		7B0E0D552F51513B008707E9 /* AI.framework */ = {isa = PBXFileReference; explicitFileType = wrapper.framework; path = AI.framework; sourceTree = BUILT_PRODUCTS_DIR; };
		7B0E0D562F51513B008707E9 /* Coordinator.framework */ = {isa = PBXFileReference; explicitFileType = wrapper.framework; path = Coordinator.framework; sourceTree = BUILT_PRODUCTS_DIR; };
		7B0E0D572F51513B008707E9 /* Core.framework */ = {isa = PBXFileReference; explicitFileType = wrapper.framework; path = Core.framework; sourceTree = BUILT_PRODUCTS_DIR; };
		7B0E0D582F51513B008707E9 /* CalendarData.framework */ = {isa = PBXFileReference; explicitFileType = wrapper.framework; path = CalendarData.framework; sourceTree = BUILT_PRODUCTS_DIR; };
		7B0E0D592F51513B008707E9 /* Common.framework */ = {isa = PBXFileReference; explicitFileType = wrapper.framework; path = Common.framework; sourceTree = BUILT_PRODUCTS_DIR; };
		7B0E0D5A2F51513B008707E9 /* KeyChainData.framework */ = {isa = PBXFileReference; explicitFileType = wrapper.framework; path = KeyChainData.framework; sourceTree = BUILT_PRODUCTS_DIR; };
		7B0E0D5B2F51513B008707E9 /* UserData.framework */ = {isa = PBXFileReference; explicitFileType = wrapper.framework; path = UserData.framework; sourceTree = BUILT_PRODUCTS_DIR; };
		7B0E0D5C2F51513B008707E9 /* DesignSystem.framework */ = {isa = PBXFileReference; explicitFileType = wrapper.framework; path = DesignSystem.framework; sourceTree = BUILT_PRODUCTS_DIR; };
		7B0E0D5D2F51513B008707E9 /* CalendarDomain.framework */ = {isa = PBXFileReference; explicitFileType = wrapper.framework; path = CalendarDomain.framework; sourceTree = BUILT_PRODUCTS_DIR; };
		7B0E0D5E2F51513B008707E9 /* UserDomain.framework */ = {isa = PBXFileReference; explicitFileType = wrapper.framework; path = UserDomain.framework; sourceTree = BUILT_PRODUCTS_DIR; };
		7B0E0D5F2F51513B008707E9 /* BaseFeature.framework */ = {isa = PBXFileReference; explicitFileType = wrapper.framework; path = BaseFeature.framework; sourceTree = BUILT_PRODUCTS_DIR; };
		7B0E0D602F51513B008707E9 /* CalendarFeature.framework */ = {isa = PBXFileReference; explicitFileType = wrapper.framework; path = CalendarFeature.framework; sourceTree = BUILT_PRODUCTS_DIR; };
		7B0E0D612F51513B008707E9 /* Navigation.framework */ = {isa = PBXFileReference; explicitFileType = wrapper.framework; path = Navigation.framework; sourceTree = BUILT_PRODUCTS_DIR; };
		7B2BA8502EB84AD70089B130 /* CoreModule.framework */ = {isa = PBXFileReference; explicitFileType = wrapper.framework; path = CoreModule.framework; sourceTree = BUILT_PRODUCTS_DIR; };
		7BD09ABD2F51374F0035BF41 /* SeukCalendar.app */ = {isa = PBXFileReference; explicitFileType = wrapper.application; includeInIndex = 0; path = SeukCalendar.app; sourceTree = BUILT_PRODUCTS_DIR; };
		9F9767B9AE1050BD52AA356E /* SeukCalendarWidget.appex */ = {isa = PBXFileReference; explicitFileType = "wrapper.app-extension"; includeInIndex = 0; path = SeukCalendarWidget.appex; sourceTree = BUILT_PRODUCTS_DIR; };
/* End PBXFileReference section */

/* Begin PBXFileSystemSynchronizedBuildFileExceptionSet section */
		7BF3D26A2F51557200B93884 /* Exceptions for "SeukCalendar" folder in "SeukCalendar" target */ = {
			isa = PBXFileSystemSynchronizedBuildFileExceptionSet;
			membershipExceptions = (
				App/Resources/Info.plist,
			);
			target = 7BD09ABC2F51374F0035BF41 /* SeukCalendar */;
		};
		7BFB88D52F67D89900982117 /* Exceptions for "SeukCalendarWidget" folder in "SeukCalendarWidget" target */ = {
			isa = PBXFileSystemSynchronizedBuildFileExceptionSet;
			membershipExceptions = (
				Info.plist,
			);
			target = A9B51C4E55549EAEC040D740 /* SeukCalendarWidget */;
		};
/* End PBXFileSystemSynchronizedBuildFileExceptionSet section */

/* Begin PBXFileSystemSynchronizedRootGroup section */
		7BD09ABE2F51374F0035BF41 /* SeukCalendar */ = {
			isa = PBXFileSystemSynchronizedRootGroup;
			exceptions = (
				7BF3D26A2F51557200B93884 /* Exceptions for "SeukCalendar" folder in "SeukCalendar" target */,
			);
			path = SeukCalendar;
			sourceTree = "<group>";
		};
		7BFB88C52F67D89800982117 /* SeukCalendarWidget */ = {
			isa = PBXFileSystemSynchronizedRootGroup;
			exceptions = (
				7BFB88D52F67D89900982117 /* Exceptions for "SeukCalendarWidget" folder in "SeukCalendarWidget" target */,
			);
			path = SeukCalendarWidget;
			sourceTree = "<group>";
		};
/* End PBXFileSystemSynchronizedRootGroup section */

/* Begin PBXFrameworksBuildPhase section */
		0BF9EE7FEB1BF8D0547FA1F0 /* Frameworks */ = {
			isa = PBXFrameworksBuildPhase;
			buildActionMask = 2147483647;
			files = (
				76A5F34EC0A54E8A9A0F5A11 /* DesignSystem.framework in Frameworks */,
			);
			runOnlyForDeploymentPostprocessing = 0;
		};
		7BD09ABA2F51374F0035BF41 /* Frameworks */ = {
			isa = PBXFrameworksBuildPhase;
			buildActionMask = 2147483647;
			files = (
				7B0E0D622F51513B008707E9 /* AI.framework in Frameworks */,
				7B0E0D702F51513B008707E9 /* DesignSystem.framework in Frameworks */,
				7B0E0D722F51513B008707E9 /* CalendarDomain.framework in Frameworks */,
				7B0E0D782F51513B008707E9 /* CalendarFeature.framework in Frameworks */,
				7B0E0D662F51513B008707E9 /* Core.framework in Frameworks */,
				7B0E0D6E2F51513B008707E9 /* UserData.framework in Frameworks */,
				7B0E0D7A2F51513B008707E9 /* Navigation.framework in Frameworks */,
				7B0E0D762F51513B008707E9 /* BaseFeature.framework in Frameworks */,
				7B0E0D742F51513B008707E9 /* UserDomain.framework in Frameworks */,
				7B0E0D6A2F51513B008707E9 /* Common.framework in Frameworks */,
				7B0E0D682F51513B008707E9 /* CalendarData.framework in Frameworks */,
				7B0E0D6C2F51513B008707E9 /* KeyChainData.framework in Frameworks */,
				7B0E0D642F51513B008707E9 /* Coordinator.framework in Frameworks */,
			);
			runOnlyForDeploymentPostprocessing = 0;
		};
/* End PBXFrameworksBuildPhase section */

/* Begin PBXGroup section */
		7B58BF382DF6800700FF47AB = {
			isa = PBXGroup;
			children = (
				7BD09ABE2F51374F0035BF41 /* SeukCalendar */,
				B0CA1EEA2E228EB500E355E6 /* Frameworks */,
				B0B31AF72EBF498F00C1F532 /* Recovered References */,
				7BFB88C52F67D89800982117 /* SeukCalendarWidget */,
			);
			sourceTree = "<group>";
		};
		7B58BF422DF6800700FF47AB /* Products */ = {
			isa = PBXGroup;
			children = (
				7BD09ABD2F51374F0035BF41 /* SeukCalendar.app */,
				9F9767B9AE1050BD52AA356E /* SeukCalendarWidget.appex */,
			);
			name = Products;
			sourceTree = "<group>";
		};
		B0B31AF72EBF498F00C1F532 /* Recovered References */ = {
			isa = PBXGroup;
			children = (
				7B58BF422DF6800700FF47AB /* Products */,
			);
			name = "Recovered References";
			sourceTree = "<group>";
		};
		B0CA1EEA2E228EB500E355E6 /* Frameworks */ = {
			isa = PBXGroup;
			children = (
				7B0E0D552F51513B008707E9 /* AI.framework */,
				7B0E0D562F51513B008707E9 /* Coordinator.framework */,
				7B0E0D572F51513B008707E9 /* Core.framework */,
				7B0E0D582F51513B008707E9 /* CalendarData.framework */,
				7B0E0D592F51513B008707E9 /* Common.framework */,
				7B0E0D5A2F51513B008707E9 /* KeyChainData.framework */,
				7B0E0D5B2F51513B008707E9 /* UserData.framework */,
				7B0E0D5C2F51513B008707E9 /* DesignSystem.framework */,
				7B0E0D5D2F51513B008707E9 /* CalendarDomain.framework */,
				7B0E0D5E2F51513B008707E9 /* UserDomain.framework */,
				7B0E0D5F2F51513B008707E9 /* BaseFeature.framework */,
				7B0E0D602F51513B008707E9 /* CalendarFeature.framework */,
				7B0E0D612F51513B008707E9 /* Navigation.framework */,
				7B2BA8502EB84AD70089B130 /* CoreModule.framework */,
				7B09AD9A2E268FE500327B42 /* DesignSystem.framework */,
			);
			name = Frameworks;
			sourceTree = "<group>";
		};
/* End PBXGroup section */

/* Begin PBXNativeTarget section */
		7BD09ABC2F51374F0035BF41 /* SeukCalendar */ = {
			isa = PBXNativeTarget;
			buildConfigurationList = 7BD09AC52F5137500035BF41 /* Build configuration list for PBXNativeTarget "SeukCalendar" */;
			buildPhases = (
				7BD09AB92F51374F0035BF41 /* Sources */,
				7BD09ABA2F51374F0035BF41 /* Frameworks */,
				7BD09ABB2F51374F0035BF41 /* Resources */,
				7B0E0D7C2F51513B008707E9 /* Embed Frameworks */,
				3CB8A9FB2AB0AF457EF44442 /* Embed App Extensions */,
			);
			buildRules = (
			);
			dependencies = (
				69296AB80459E48FB46DF773 /* PBXTargetDependency */,
			);
			fileSystemSynchronizedGroups = (
				7BD09ABE2F51374F0035BF41 /* SeukCalendar */,
			);
			name = SeukCalendar;
			productName = SeukCalendar;
			productReference = 7BD09ABD2F51374F0035BF41 /* SeukCalendar.app */;
			productType = "com.apple.product-type.application";
		};
		A9B51C4E55549EAEC040D740 /* SeukCalendarWidget */ = {
			isa = PBXNativeTarget;
			buildConfigurationList = 1445D6BE058B74C28EA8A05D /* Build configuration list for PBXNativeTarget "SeukCalendarWidget" */;
			buildPhases = (
				76E8590E7649AF11359CDBC3 /* Sources */,
				0BF9EE7FEB1BF8D0547FA1F0 /* Frameworks */,
				54B19CAA6315BAAE7872CA5C /* Resources */,
			);
			buildRules = (
			);
			dependencies = (
			);
			fileSystemSynchronizedGroups = (
				7BFB88C52F67D89800982117 /* SeukCalendarWidget */,
			);
			name = SeukCalendarWidget;
			productName = SeukCalendarWidget;
			productReference = 9F9767B9AE1050BD52AA356E /* SeukCalendarWidget.appex */;
			productType = "com.apple.product-type.app-extension";
		};
/* End PBXNativeTarget section */

/* Begin PBXProject section */
		7B58BF392DF6800700FF47AB /* Project object */ = {
			isa = PBXProject;
			attributes = {
				BuildIndependentTargetsInParallel = 1;
				LastSwiftUpdateCheck = 2620;
				LastUpgradeCheck = 1600;
				TargetAttributes = {
					7BD09ABC2F51374F0035BF41 = {
						CreatedOnToolsVersion = 26.2;
					};
				};
			};
			buildConfigurationList = 7B58BF3C2DF6800700FF47AB /* Build configuration list for PBXProject "SeukCalendar" */;
			developmentRegion = en;
			hasScannedForEncodings = 0;
			knownRegions = (
				en,
				Base,
			);
			mainGroup = 7B58BF382DF6800700FF47AB;
			minimizedProjectReferenceProxies = 1;
			preferredProjectObjectVersion = 77;
			productRefGroup = 7B58BF422DF6800700FF47AB /* Products */;
			projectDirPath = "";
			projectRoot = "";
			targets = (
				7BD09ABC2F51374F0035BF41 /* SeukCalendar */,
				A9B51C4E55549EAEC040D740 /* SeukCalendarWidget */,
			);
		};
/* End PBXProject section */

/* Begin PBXResourcesBuildPhase section */
		54B19CAA6315BAAE7872CA5C /* Resources */ = {
			isa = PBXResourcesBuildPhase;
			buildActionMask = 2147483647;
			files = (
			);
			runOnlyForDeploymentPostprocessing = 0;
		};
		7BD09ABB2F51374F0035BF41 /* Resources */ = {
			isa = PBXResourcesBuildPhase;
			buildActionMask = 2147483647;
			files = (
			);
			runOnlyForDeploymentPostprocessing = 0;
		};
/* End PBXResourcesBuildPhase section */

/* Begin PBXSourcesBuildPhase section */
		76E8590E7649AF11359CDBC3 /* Sources */ = {
			isa = PBXSourcesBuildPhase;
			buildActionMask = 2147483647;
			files = (
			);
			runOnlyForDeploymentPostprocessing = 0;
		};
		7BD09AB92F51374F0035BF41 /* Sources */ = {
			isa = PBXSourcesBuildPhase;
			buildActionMask = 2147483647;
			files = (
			);
			runOnlyForDeploymentPostprocessing = 0;
		};
/* End PBXSourcesBuildPhase section */

/* Begin PBXTargetDependency section */
		69296AB80459E48FB46DF773 /* PBXTargetDependency */ = {
			isa = PBXTargetDependency;
			name = SeukCalendarWidget;
			target = A9B51C4E55549EAEC040D740 /* SeukCalendarWidget */;
			targetProxy = 5A684DACF1BD503E4031D83B /* PBXContainerItemProxy */;
		};
/* End PBXTargetDependency section */

/* Begin XCBuildConfiguration section */
		69C23AB7522E234EDC410293 /* Debug */ = {
			isa = XCBuildConfiguration;
			buildSettings = {
				APPLICATION_EXTENSION_API_ONLY = YES;
				APP_GROUPS = group.com.youngkyu.SeukCalendar;
				CLANG_ENABLE_OBJC_WEAK = NO;
				CODE_SIGN_ENTITLEMENTS = SeukCalendarWidget/SeukCalendarWidgetiOS.entitlements;
				"CODE_SIGN_ENTITLEMENTS[sdk=macosx*]" = SeukCalendarWidget/SeukCalendarWidget.entitlements;
				CODE_SIGN_STYLE = Automatic;
				CURRENT_PROJECT_VERSION = 1;
				DEVELOPMENT_TEAM = MPMHNJMTGA;
				GENERATE_INFOPLIST_FILE = NO;
				INFOPLIST_FILE = SeukCalendarWidget/Info.plist;
				INFOPLIST_KEY_CFBundleDisplayName = "슥캘린더";
				IPHONEOS_DEPLOYMENT_TARGET = 26.0;
				LD_RUNPATH_SEARCH_PATHS = (
					"$(inherited)",
					"@executable_path/Frameworks",
					"@executable_path/../../../Frameworks",
				);
				MACOSX_DEPLOYMENT_TARGET = 26.0;
				MARKETING_VERSION = 1.0;
				PRODUCT_BUNDLE_IDENTIFIER = com.youngkyu.SeukCalendar.SeukCalendarWidget;
				PRODUCT_NAME = "$(TARGET_NAME)";
				REGISTER_APP_GROUPS = YES;
				SDKROOT = auto;
				SKIP_INSTALL = YES;
				SUPPORTED_PLATFORMS = "iphoneos iphonesimulator macosx";
				SWIFT_APPROACHABLE_CONCURRENCY = YES;
				SWIFT_EMIT_LOC_STRINGS = YES;
				SWIFT_UPCOMING_FEATURE_MEMBER_IMPORT_VISIBILITY = YES;
				SWIFT_VERSION = 5.0;
				TARGETED_DEVICE_FAMILY = "1,2";
			};
			name = Debug;
		};
		7B58BF4D2DF6800900FF47AB /* Debug */ = {
			isa = XCBuildConfiguration;
			buildSettings = {
				ALWAYS_SEARCH_USER_PATHS = NO;
				ASSETCATALOG_COMPILER_GENERATE_SWIFT_ASSET_SYMBOL_EXTENSIONS = YES;
				CLANG_ANALYZER_NONNULL = YES;
				CLANG_ANALYZER_NUMBER_OBJECT_CONVERSION = YES_AGGRESSIVE;
				CLANG_CXX_LANGUAGE_STANDARD = "gnu++20";
				CLANG_ENABLE_MODULES = YES;
				CLANG_ENABLE_OBJC_ARC = YES;
				CLANG_ENABLE_OBJC_WEAK = YES;
				CLANG_WARN_BLOCK_CAPTURE_AUTORELEASING = YES;
				CLANG_WARN_BOOL_CONVERSION = YES;
				CLANG_WARN_COMMA = YES;
				CLANG_WARN_CONSTANT_CONVERSION = YES;
				CLANG_WARN_DEPRECATED_OBJC_IMPLEMENTATIONS = YES;
				CLANG_WARN_DIRECT_OBJC_ISA_USAGE = YES_ERROR;
				CLANG_WARN_DOCUMENTATION_COMMENTS = YES;
				CLANG_WARN_EMPTY_BODY = YES;
				CLANG_WARN_ENUM_CONVERSION = YES;
				CLANG_WARN_INFINITE_RECURSION = YES;
				CLANG_WARN_INT_CONVERSION = YES;
				CLANG_WARN_NON_LITERAL_NULL_CONVERSION = YES;
				CLANG_WARN_OBJC_IMPLICIT_RETAIN_SELF = YES;
				CLANG_WARN_OBJC_LITERAL_CONVERSION = YES;
				CLANG_WARN_OBJC_ROOT_CLASS = YES_ERROR;
				CLANG_WARN_QUOTED_INCLUDE_IN_FRAMEWORK_HEADER = YES;
				CLANG_WARN_RANGE_LOOP_ANALYSIS = YES;
				CLANG_WARN_STRICT_PROTOTYPES = YES;
				CLANG_WARN_SUSPICIOUS_MOVE = YES;
				CLANG_WARN_UNGUARDED_AVAILABILITY = YES_AGGRESSIVE;
				CLANG_WARN_UNREACHABLE_CODE = YES;
				CLANG_WARN__DUPLICATE_METHOD_MATCH = YES;
				COPY_PHASE_STRIP = NO;
				DEBUG_INFORMATION_FORMAT = dwarf;
				ENABLE_STRICT_OBJC_MSGSEND = YES;
				ENABLE_TESTABILITY = YES;
				ENABLE_USER_SCRIPT_SANDBOXING = YES;
				GCC_C_LANGUAGE_STANDARD = gnu17;
				GCC_DYNAMIC_NO_PIC = NO;
				GCC_NO_COMMON_BLOCKS = YES;
				GCC_OPTIMIZATION_LEVEL = 0;
				GCC_PREPROCESSOR_DEFINITIONS = (
					"DEBUG=1",
					"$(inherited)",
				);
				GCC_WARN_64_TO_32_BIT_CONVERSION = YES;
				GCC_WARN_ABOUT_RETURN_TYPE = YES_ERROR;
				GCC_WARN_UNDECLARED_SELECTOR = YES;
				GCC_WARN_UNINITIALIZED_AUTOS = YES_AGGRESSIVE;
				GCC_WARN_UNUSED_FUNCTION = YES;
				GCC_WARN_UNUSED_VARIABLE = YES;
				IPHONEOS_DEPLOYMENT_TARGET = 18.0;
				LOCALIZATION_PREFERS_STRING_CATALOGS = YES;
				MTL_ENABLE_DEBUG_INFO = INCLUDE_SOURCE;
				MTL_FAST_MATH = YES;
				ONLY_ACTIVE_ARCH = YES;
				SDKROOT = iphoneos;
				SWIFT_ACTIVE_COMPILATION_CONDITIONS = "DEBUG $(inherited)";
				SWIFT_OPTIMIZATION_LEVEL = "-Onone";
			};
			name = Debug;
		};
		7B58BF4E2DF6800900FF47AB /* Release */ = {
			isa = XCBuildConfiguration;
			buildSettings = {
				ALWAYS_SEARCH_USER_PATHS = NO;
				ASSETCATALOG_COMPILER_GENERATE_SWIFT_ASSET_SYMBOL_EXTENSIONS = YES;
				CLANG_ANALYZER_NONNULL = YES;
				CLANG_ANALYZER_NUMBER_OBJECT_CONVERSION = YES_AGGRESSIVE;
				CLANG_CXX_LANGUAGE_STANDARD = "gnu++20";
				CLANG_ENABLE_MODULES = YES;
				CLANG_ENABLE_OBJC_ARC = YES;
				CLANG_ENABLE_OBJC_WEAK = YES;
				CLANG_WARN_BLOCK_CAPTURE_AUTORELEASING = YES;
				CLANG_WARN_BOOL_CONVERSION = YES;
				CLANG_WARN_COMMA = YES;
				CLANG_WARN_CONSTANT_CONVERSION = YES;
				CLANG_WARN_DEPRECATED_OBJC_IMPLEMENTATIONS = YES;
				CLANG_WARN_DIRECT_OBJC_ISA_USAGE = YES_ERROR;
				CLANG_WARN_DOCUMENTATION_COMMENTS = YES;
				CLANG_WARN_EMPTY_BODY = YES;
				CLANG_WARN_ENUM_CONVERSION = YES;
				CLANG_WARN_INFINITE_RECURSION = YES;
				CLANG_WARN_INT_CONVERSION = YES;
				CLANG_WARN_NON_LITERAL_NULL_CONVERSION = YES;
				CLANG_WARN_OBJC_IMPLICIT_RETAIN_SELF = YES;
				CLANG_WARN_OBJC_LITERAL_CONVERSION = YES;
				CLANG_WARN_OBJC_ROOT_CLASS = YES_ERROR;
				CLANG_WARN_QUOTED_INCLUDE_IN_FRAMEWORK_HEADER = YES;
				CLANG_WARN_RANGE_LOOP_ANALYSIS = YES;
				CLANG_WARN_STRICT_PROTOTYPES = YES;
				CLANG_WARN_SUSPICIOUS_MOVE = YES;
				CLANG_WARN_UNGUARDED_AVAILABILITY = YES_AGGRESSIVE;
				CLANG_WARN_UNREACHABLE_CODE = YES;
				CLANG_WARN__DUPLICATE_METHOD_MATCH = YES;
				COPY_PHASE_STRIP = NO;
				DEBUG_INFORMATION_FORMAT = "dwarf-with-dsym";
				ENABLE_NS_ASSERTIONS = NO;
				ENABLE_STRICT_OBJC_MSGSEND = YES;
				ENABLE_USER_SCRIPT_SANDBOXING = YES;
				GCC_C_LANGUAGE_STANDARD = gnu17;
				GCC_NO_COMMON_BLOCKS = YES;
				GCC_WARN_64_TO_32_BIT_CONVERSION = YES;
				GCC_WARN_ABOUT_RETURN_TYPE = YES_ERROR;
				GCC_WARN_UNDECLARED_SELECTOR = YES;
				GCC_WARN_UNINITIALIZED_AUTOS = YES_AGGRESSIVE;
				GCC_WARN_UNUSED_FUNCTION = YES;
				GCC_WARN_UNUSED_VARIABLE = YES;
				IPHONEOS_DEPLOYMENT_TARGET = 18.0;
				LOCALIZATION_PREFERS_STRING_CATALOGS = YES;
				MTL_ENABLE_DEBUG_INFO = NO;
				MTL_FAST_MATH = YES;
				SDKROOT = iphoneos;
				SWIFT_COMPILATION_MODE = wholemodule;
				VALIDATE_PRODUCT = YES;
			};
			name = Release;
		};
		7BD09AC62F5137500035BF41 /* Debug */ = {
			isa = XCBuildConfiguration;
			buildSettings = {
				APP_GROUPS = group.com.youngkyu.SeukCalendar;
				ASSETCATALOG_COMPILER_APPICON_NAME = AppIcon;
				ASSETCATALOG_COMPILER_GLOBAL_ACCENT_COLOR_NAME = AccentColor;
				CODE_SIGN_ENTITLEMENTS = SeukCalendar/App/Resources/SeukCalendar.entitlements;
				CODE_SIGN_STYLE = Automatic;
				CURRENT_PROJECT_VERSION = 1;
				DEVELOPMENT_TEAM = MPMHNJMTGA;
				ENABLE_APP_SANDBOX = YES;
				ENABLE_HARDENED_RUNTIME = YES;
				ENABLE_PREVIEWS = YES;
				ENABLE_USER_SELECTED_FILES = readonly;
				GENERATE_INFOPLIST_FILE = YES;
				INFOPLIST_FILE = SeukCalendar/App/Resources/Info.plist;
				INFOPLIST_KEY_CFBundleDisplayName = "슥캘린더";
				INFOPLIST_KEY_LSApplicationCategoryType = "public.app-category.lifestyle";
				"INFOPLIST_KEY_UIApplicationSceneManifest_Generation[sdk=iphoneos*]" = YES;
				"INFOPLIST_KEY_UIApplicationSceneManifest_Generation[sdk=iphonesimulator*]" = YES;
				"INFOPLIST_KEY_UIApplicationSupportsIndirectInputEvents[sdk=iphoneos*]" = YES;
				"INFOPLIST_KEY_UIApplicationSupportsIndirectInputEvents[sdk=iphonesimulator*]" = YES;
				"INFOPLIST_KEY_UILaunchScreen_Generation[sdk=iphoneos*]" = YES;
				"INFOPLIST_KEY_UILaunchScreen_Generation[sdk=iphonesimulator*]" = YES;
				"INFOPLIST_KEY_UIStatusBarStyle[sdk=iphoneos*]" = UIStatusBarStyleDefault;
				"INFOPLIST_KEY_UIStatusBarStyle[sdk=iphonesimulator*]" = UIStatusBarStyleDefault;
				INFOPLIST_KEY_UISupportedInterfaceOrientations_iPad = "UIInterfaceOrientationPortrait UIInterfaceOrientationPortraitUpsideDown UIInterfaceOrientationLandscapeLeft UIInterfaceOrientationLandscapeRight";
				INFOPLIST_KEY_UISupportedInterfaceOrientations_iPhone = "UIInterfaceOrientationPortrait UIInterfaceOrientationLandscapeLeft UIInterfaceOrientationLandscapeRight";
				IPHONEOS_DEPLOYMENT_TARGET = 26.0;
				LD_RUNPATH_SEARCH_PATHS = "@executable_path/Frameworks";
				"LD_RUNPATH_SEARCH_PATHS[sdk=macosx*]" = "@executable_path/../Frameworks";
				MACOSX_DEPLOYMENT_TARGET = 26.0;
				MARKETING_VERSION = 1.0;
				PRODUCT_BUNDLE_IDENTIFIER = com.youngkyu.SeukCalendar;
				PRODUCT_NAME = "$(TARGET_NAME)";
				REGISTER_APP_GROUPS = YES;
				SDKROOT = auto;
				STRING_CATALOG_GENERATE_SYMBOLS = YES;
				SUPPORTED_PLATFORMS = "iphoneos iphonesimulator macosx";
				SUPPORTS_MACCATALYST = NO;
				SWIFT_APPROACHABLE_CONCURRENCY = YES;
				SWIFT_DEFAULT_ACTOR_ISOLATION = MainActor;
				SWIFT_EMIT_LOC_STRINGS = YES;
				SWIFT_UPCOMING_FEATURE_MEMBER_IMPORT_VISIBILITY = YES;
				SWIFT_VERSION = 5.0;
				TARGETED_DEVICE_FAMILY = "1,2";
				XROS_DEPLOYMENT_TARGET = 26.0;
			};
			name = Debug;
		};
		7BD09AC72F5137500035BF41 /* Release */ = {
			isa = XCBuildConfiguration;
			buildSettings = {
				APP_GROUPS = group.com.youngkyu.SeukCalendar;
				ASSETCATALOG_COMPILER_APPICON_NAME = AppIcon;
				ASSETCATALOG_COMPILER_GLOBAL_ACCENT_COLOR_NAME = AccentColor;
				CODE_SIGN_ENTITLEMENTS = SeukCalendar/App/Resources/SeukCalendar.entitlements;
				CODE_SIGN_STYLE = Automatic;
				CURRENT_PROJECT_VERSION = 1;
				DEVELOPMENT_TEAM = MPMHNJMTGA;
				ENABLE_APP_SANDBOX = YES;
				ENABLE_HARDENED_RUNTIME = YES;
				ENABLE_PREVIEWS = YES;
				ENABLE_USER_SELECTED_FILES = readonly;
				GENERATE_INFOPLIST_FILE = YES;
				INFOPLIST_FILE = SeukCalendar/App/Resources/Info.plist;
				INFOPLIST_KEY_CFBundleDisplayName = "슥캘린더";
				INFOPLIST_KEY_LSApplicationCategoryType = "public.app-category.lifestyle";
				"INFOPLIST_KEY_UIApplicationSceneManifest_Generation[sdk=iphoneos*]" = YES;
				"INFOPLIST_KEY_UIApplicationSceneManifest_Generation[sdk=iphonesimulator*]" = YES;
				"INFOPLIST_KEY_UIApplicationSupportsIndirectInputEvents[sdk=iphoneos*]" = YES;
				"INFOPLIST_KEY_UIApplicationSupportsIndirectInputEvents[sdk=iphonesimulator*]" = YES;
				"INFOPLIST_KEY_UILaunchScreen_Generation[sdk=iphoneos*]" = YES;
				"INFOPLIST_KEY_UILaunchScreen_Generation[sdk=iphonesimulator*]" = YES;
				"INFOPLIST_KEY_UIStatusBarStyle[sdk=iphoneos*]" = UIStatusBarStyleDefault;
				"INFOPLIST_KEY_UIStatusBarStyle[sdk=iphonesimulator*]" = UIStatusBarStyleDefault;
				INFOPLIST_KEY_UISupportedInterfaceOrientations_iPad = "UIInterfaceOrientationPortrait UIInterfaceOrientationPortraitUpsideDown UIInterfaceOrientationLandscapeLeft UIInterfaceOrientationLandscapeRight";
				INFOPLIST_KEY_UISupportedInterfaceOrientations_iPhone = "UIInterfaceOrientationPortrait UIInterfaceOrientationLandscapeLeft UIInterfaceOrientationLandscapeRight";
				IPHONEOS_DEPLOYMENT_TARGET = 26.0;
				LD_RUNPATH_SEARCH_PATHS = "@executable_path/Frameworks";
				"LD_RUNPATH_SEARCH_PATHS[sdk=macosx*]" = "@executable_path/../Frameworks";
				MACOSX_DEPLOYMENT_TARGET = 26.0;
				MARKETING_VERSION = 1.0;
				PRODUCT_BUNDLE_IDENTIFIER = com.youngkyu.SeukCalendar;
				PRODUCT_NAME = "$(TARGET_NAME)";
				REGISTER_APP_GROUPS = YES;
				SDKROOT = auto;
				STRING_CATALOG_GENERATE_SYMBOLS = YES;
				SUPPORTED_PLATFORMS = "iphoneos iphonesimulator macosx";
				SUPPORTS_MACCATALYST = NO;
				SWIFT_APPROACHABLE_CONCURRENCY = YES;
				SWIFT_DEFAULT_ACTOR_ISOLATION = MainActor;
				SWIFT_EMIT_LOC_STRINGS = YES;
				SWIFT_UPCOMING_FEATURE_MEMBER_IMPORT_VISIBILITY = YES;
				SWIFT_VERSION = 5.0;
				TARGETED_DEVICE_FAMILY = "1,2";
				XROS_DEPLOYMENT_TARGET = 26.0;
			};
			name = Release;
		};
		F0B3916010427C6F04EBCC25 /* Release */ = {
			isa = XCBuildConfiguration;
			buildSettings = {
				APPLICATION_EXTENSION_API_ONLY = YES;
				APP_GROUPS = group.com.youngkyu.SeukCalendar;
				CLANG_ENABLE_OBJC_WEAK = NO;
				CODE_SIGN_ENTITLEMENTS = SeukCalendarWidget/SeukCalendarWidgetiOS.entitlements;
				"CODE_SIGN_ENTITLEMENTS[sdk=macosx*]" = SeukCalendarWidget/SeukCalendarWidget.entitlements;
				CODE_SIGN_STYLE = Automatic;
				CURRENT_PROJECT_VERSION = 1;
				DEVELOPMENT_TEAM = MPMHNJMTGA;
				GENERATE_INFOPLIST_FILE = NO;
				INFOPLIST_FILE = SeukCalendarWidget/Info.plist;
				INFOPLIST_KEY_CFBundleDisplayName = "슥캘린더";
				IPHONEOS_DEPLOYMENT_TARGET = 26.0;
				LD_RUNPATH_SEARCH_PATHS = (
					"$(inherited)",
					"@executable_path/Frameworks",
					"@executable_path/../../../Frameworks",
				);
				MACOSX_DEPLOYMENT_TARGET = 26.0;
				MARKETING_VERSION = 1.0;
				PRODUCT_BUNDLE_IDENTIFIER = com.youngkyu.SeukCalendar.SeukCalendarWidget;
				PRODUCT_NAME = "$(TARGET_NAME)";
				REGISTER_APP_GROUPS = YES;
				SDKROOT = auto;
				SKIP_INSTALL = YES;
				SUPPORTED_PLATFORMS = "iphoneos iphonesimulator macosx";
				SWIFT_APPROACHABLE_CONCURRENCY = YES;
				SWIFT_EMIT_LOC_STRINGS = YES;
				SWIFT_UPCOMING_FEATURE_MEMBER_IMPORT_VISIBILITY = YES;
				SWIFT_VERSION = 5.0;
				TARGETED_DEVICE_FAMILY = "1,2";
				VALIDATE_PRODUCT = YES;
			};
			name = Release;
		};
/* End XCBuildConfiguration section */

/* Begin XCConfigurationList section */
		1445D6BE058B74C28EA8A05D /* Build configuration list for PBXNativeTarget "SeukCalendarWidget" */ = {
			isa = XCConfigurationList;
			buildConfigurations = (
				F0B3916010427C6F04EBCC25 /* Release */,
				69C23AB7522E234EDC410293 /* Debug */,
			);
			defaultConfigurationIsVisible = 0;
			defaultConfigurationName = Release;
		};
		7B58BF3C2DF6800700FF47AB /* Build configuration list for PBXProject "SeukCalendar" */ = {
			isa = XCConfigurationList;
			buildConfigurations = (
				7B58BF4D2DF6800900FF47AB /* Debug */,
				7B58BF4E2DF6800900FF47AB /* Release */,
			);
			defaultConfigurationIsVisible = 0;
			defaultConfigurationName = Release;
		};
		7BD09AC52F5137500035BF41 /* Build configuration list for PBXNativeTarget "SeukCalendar" */ = {
			isa = XCConfigurationList;
			buildConfigurations = (
				7BD09AC62F5137500035BF41 /* Debug */,
				7BD09AC72F5137500035BF41 /* Release */,
			);
			defaultConfigurationIsVisible = 0;
			defaultConfigurationName = Release;
		};
/* End XCConfigurationList section */
	};
	rootObject = 7B58BF392DF6800700FF47AB /* Project object */;
}
